
Microsoft Visual Studio Solution File, Format Version 12.00
# Visual Studio 2012
Project("{FAE04EC0-301F-11D3-BF4B-00C04F79EFBC}") = "PushNotification", "PushNotification\PushNotification.csproj", "{08F52BB0-87CC-44C4-9C14-B71CD92E882E}"
EndProject
Global
	GlobalSection(SolutionConfigurationPlatforms) = preSolution
		Debug|Any CPU = Debug|Any CPU
		Release|Any CPU = Release|Any CPU
	EndGlobalSection
	GlobalSection(ProjectConfigurationPlatforms) = postSolution
		{08F52BB0-87CC-44C4-9C14-B71CD92E882E}.Debug|Any CPU.ActiveCfg = Debug|Any CPU
		{08F52BB0-87CC-44C4-9C14-B71CD92E882E}.Debug|Any CPU.Build.0 = Debug|Any CPU
		{08F52BB0-87CC-44C4-9C14-B71CD92E882E}.Release|Any CPU.ActiveCfg = Release|Any CPU
		{08F52BB0-87CC-44C4-9C14-B71CD92E882E}.Release|Any CPU.Build.0 = Release|Any CPU
	EndGlobalSection
	GlobalSection(SolutionProperties) = preSolution
		HideSolutionNode = FALSE
	EndGlobalSection
EndGlobal
